
Microsoft Visual Studio Solution File, Format Version 12.00
# Visual Studio Version 16
VisualStudioVersion = 16.0.31004.235
MinimumVisualStudioVersion = 10.0.40219.1
Project("{FAE04EC0-301F-11D3-BF4B-00C04F79EFBC}") = "DiscourseAuth.AspNetCore", "DiscourseAuth.AspNetCore.csproj", "{C5145D4F-8C71-4B33-BAA4-032B7EADB207}"
EndProject
Global
	GlobalSection(SolutionConfigurationPlatforms) = preSolution
		Debug|Any CPU = Debug|Any CPU
		Release|Any CPU = Release|Any CPU
	EndGlobalSection
	GlobalSection(ProjectConfigurationPlatforms) = postSolution
		{C5145D4F-8C71-4B33-BAA4-032B7EADB207}.Debug|Any CPU.ActiveCfg = Debug|Any CPU
		{C5145D4F-8C71-4B33-BAA4-032B7EADB207}.Debug|Any CPU.Build.0 = Debug|Any CPU
		{C5145D4F-8C71-4B33-BAA4-032B7EADB207}.Release|Any CPU.ActiveCfg = Release|Any CPU
		{C5145D4F-8C71-4B33-BAA4-032B7EADB207}.Release|Any CPU.Build.0 = Release|Any CPU
	EndGlobalSection
	GlobalSection(SolutionProperties) = preSolution
		HideSolutionNode = FALSE
	EndGlobalSection
	GlobalSection(ExtensibilityGlobals) = postSolution
		SolutionGuid = {756715D3-4644-434F-A712-1F31D03584F5}
	EndGlobalSection
EndGlobal
